
Microsoft Visual Studio Solution File, Format Version 12.00
# Visual Studio 2012
Project("{FAE04EC0-301F-11D3-BF4B-00C04F79EFBC}") = "Ilaro.Admin", "Ilaro.Admin\Ilaro.Admin.csproj", "{87DB09C0-33DE-4198-95DB-7C157D1A705C}"
EndProject
Project("{FAE04EC0-301F-11D3-BF4B-00C04F79EFBC}") = "Ilaro.Web.Sample", "Ilaro.Web.Sample\Ilaro.Web.Sample.csproj", "{F15A6DE0-62D0-4A5D-8EED-CD8D32B3574B}"
EndProject
Global
	GlobalSection(SolutionConfigurationPlatforms) = preSolution
		Debug|Any CPU = Debug|Any CPU
		Release|Any CPU = Release|Any CPU
	EndGlobalSection
	GlobalSection(ProjectConfigurationPlatforms) = postSolution
		{87DB09C0-33DE-4198-95DB-7C157D1A705C}.Debug|Any CPU.ActiveCfg = Debug|Any CPU
		{87DB09C0-33DE-4198-95DB-7C157D1A705C}.Debug|Any CPU.Build.0 = Debug|Any CPU
		{87DB09C0-33DE-4198-95DB-7C157D1A705C}.Release|Any CPU.ActiveCfg = Release|Any CPU
		{87DB09C0-33DE-4198-95DB-7C157D1A705C}.Release|Any CPU.Build.0 = Release|Any CPU
		{F15A6DE0-62D0-4A5D-8EED-CD8D32B3574B}.Debug|Any CPU.ActiveCfg = Debug|Any CPU
		{F15A6DE0-62D0-4A5D-8EED-CD8D32B3574B}.Debug|Any CPU.Build.0 = Debug|Any CPU
		{F15A6DE0-62D0-4A5D-8EED-CD8D32B3574B}.Release|Any CPU.ActiveCfg = Release|Any CPU
		{F15A6DE0-62D0-4A5D-8EED-CD8D32B3574B}.Release|Any CPU.Build.0 = Release|Any CPU
	EndGlobalSection
	GlobalSection(SolutionProperties) = preSolution
		HideSolutionNode = FALSE
	EndGlobalSection
EndGlobal
