
Microsoft Visual Studio Solution File, Format Version 12.00
# Visual Studio Version 16
VisualStudioVersion = 16.0.31105.61
MinimumVisualStudioVersion = 10.0.40219.1
Project("{9A19103F-16F7-4668-BE54-9A1E7A4F7556}") = "Ilaro.Admin.Core", "src\Ilaro.Admin.Core\Ilaro.Admin.Core.csproj", "{753AADA8-9872-425A-B655-9865882FBE42}"
EndProject
Project("{9A19103F-16F7-4668-BE54-9A1E7A4F7556}") = "Ilaro.Admin.Sample.Northwind", "samples\Ilaro.Admin.Sample.Northwind\Ilaro.Admin.Sample.Northwind.csproj", "{30C637EF-11BB-4D24-AAC6-9E84DB0DDEED}"
EndProject
Project("{9A19103F-16F7-4668-BE54-9A1E7A4F7556}") = "Ilaro.Admin.AspNetCore", "src\Ilaro.Admin.AspNetCore\Ilaro.Admin.AspNetCore.csproj", "{2AC3E570-8B53-4D7C-A1EC-19A59A10AC36}"
EndProject
Project("{9A19103F-16F7-4668-BE54-9A1E7A4F7556}") = "Ilaro.Admin.Extensions.Microsoft.DependencyInjection", "src\Ilaro.Admin.Extensions.Microsoft.DependencyInjection\Ilaro.Admin.Extensions.Microsoft.DependencyInjection.csproj", "{0A2A8BAE-D1ED-4A14-939B-9A7EE8A0FB40}"
EndProject
Project("{9A19103F-16F7-4668-BE54-9A1E7A4F7556}") = "Ilaro.Admin", "src\Ilaro.Admin\Ilaro.Admin.csproj", "{C0C1AF38-DBB7-4471-9E81-7585C7BAC1B0}"
EndProject
Project("{FAE04EC0-301F-11D3-BF4B-00C04F79EFBC}") = "Ilaro.Admin.SqlServer", "src\Ilaro.Admin.SqlServer\Ilaro.Admin.SqlServer.csproj", "{144D7753-7FB9-44B8-8649-2CA8F61608FF}"
EndProject
Project("{FAE04EC0-301F-11D3-BF4B-00C04F79EFBC}") = "Ilaro.Admin.MySql", "src\Ilaro.Admin.MySql\Ilaro.Admin.MySql.csproj", "{8CA00D78-277C-4898-B2CA-FB16979E65A8}"
EndProject
Project("{2150E333-8FDC-42A3-9474-1A3956D46DE8}") = "DataAccess", "DataAccess", "{74C962D2-3681-404A-8002-7A084D42EEFC}"
EndProject
Project("{FAE04EC0-301F-11D3-BF4B-00C04F79EFBC}") = "Ilaro.Admin.PostgreSql", "src\Ilaro.Admin.PostgreSql\Ilaro.Admin.PostgreSql.csproj", "{4663DDAC-E967-4F06-B17D-07F29E72807F}"
EndProject
Project("{FAE04EC0-301F-11D3-BF4B-00C04F79EFBC}") = "Ilaro.Admin.Firebird", "src\Ilaro.Admin.Firebird\Ilaro.Admin.Firebird.csproj", "{C79AC159-318C-4C01-B1B7-BE534457D040}"
EndProject
Project("{2150E333-8FDC-42A3-9474-1A3956D46DE8}") = "Presentation", "Presentation", "{88F5C280-1451-4F01-8AA0-DF3E60FE9409}"
EndProject
Project("{2150E333-8FDC-42A3-9474-1A3956D46DE8}") = "DependencyInjection", "DependencyInjection", "{D0FA8294-BC89-4B7E-B759-536B17360E9B}"
EndProject
Project("{2150E333-8FDC-42A3-9474-1A3956D46DE8}") = "Sample", "Sample", "{C3018394-635D-423E-BA4C-A2290E13CB25}"
EndProject
Global
	GlobalSection(SolutionConfigurationPlatforms) = preSolution
		Debug|Any CPU = Debug|Any CPU
		Release|Any CPU = Release|Any CPU
	EndGlobalSection
	GlobalSection(ProjectConfigurationPlatforms) = postSolution
		{753AADA8-9872-425A-B655-9865882FBE42}.Debug|Any CPU.ActiveCfg = Debug|Any CPU
		{753AADA8-9872-425A-B655-9865882FBE42}.Debug|Any CPU.Build.0 = Debug|Any CPU
		{753AADA8-9872-425A-B655-9865882FBE42}.Release|Any CPU.ActiveCfg = Release|Any CPU
		{753AADA8-9872-425A-B655-9865882FBE42}.Release|Any CPU.Build.0 = Release|Any CPU
		{30C637EF-11BB-4D24-AAC6-9E84DB0DDEED}.Debug|Any CPU.ActiveCfg = Debug|Any CPU
		{30C637EF-11BB-4D24-AAC6-9E84DB0DDEED}.Debug|Any CPU.Build.0 = Debug|Any CPU
		{30C637EF-11BB-4D24-AAC6-9E84DB0DDEED}.Release|Any CPU.ActiveCfg = Release|Any CPU
		{30C637EF-11BB-4D24-AAC6-9E84DB0DDEED}.Release|Any CPU.Build.0 = Release|Any CPU
		{2AC3E570-8B53-4D7C-A1EC-19A59A10AC36}.Debug|Any CPU.ActiveCfg = Debug|Any CPU
		{2AC3E570-8B53-4D7C-A1EC-19A59A10AC36}.Debug|Any CPU.Build.0 = Debug|Any CPU
		{2AC3E570-8B53-4D7C-A1EC-19A59A10AC36}.Release|Any CPU.ActiveCfg = Release|Any CPU
		{2AC3E570-8B53-4D7C-A1EC-19A59A10AC36}.Release|Any CPU.Build.0 = Release|Any CPU
		{0A2A8BAE-D1ED-4A14-939B-9A7EE8A0FB40}.Debug|Any CPU.ActiveCfg = Debug|Any CPU
		{0A2A8BAE-D1ED-4A14-939B-9A7EE8A0FB40}.Debug|Any CPU.Build.0 = Debug|Any CPU
		{0A2A8BAE-D1ED-4A14-939B-9A7EE8A0FB40}.Release|Any CPU.ActiveCfg = Release|Any CPU
		{0A2A8BAE-D1ED-4A14-939B-9A7EE8A0FB40}.Release|Any CPU.Build.0 = Release|Any CPU
		{C0C1AF38-DBB7-4471-9E81-7585C7BAC1B0}.Debug|Any CPU.ActiveCfg = Debug|Any CPU
		{C0C1AF38-DBB7-4471-9E81-7585C7BAC1B0}.Debug|Any CPU.Build.0 = Debug|Any CPU
		{C0C1AF38-DBB7-4471-9E81-7585C7BAC1B0}.Release|Any CPU.ActiveCfg = Release|Any CPU
		{C0C1AF38-DBB7-4471-9E81-7585C7BAC1B0}.Release|Any CPU.Build.0 = Release|Any CPU
		{144D7753-7FB9-44B8-8649-2CA8F61608FF}.Debug|Any CPU.ActiveCfg = Debug|Any CPU
		{144D7753-7FB9-44B8-8649-2CA8F61608FF}.Debug|Any CPU.Build.0 = Debug|Any CPU
		{144D7753-7FB9-44B8-8649-2CA8F61608FF}.Release|Any CPU.ActiveCfg = Release|Any CPU
		{144D7753-7FB9-44B8-8649-2CA8F61608FF}.Release|Any CPU.Build.0 = Release|Any CPU
		{8CA00D78-277C-4898-B2CA-FB16979E65A8}.Debug|Any CPU.ActiveCfg = Debug|Any CPU
		{8CA00D78-277C-4898-B2CA-FB16979E65A8}.Debug|Any CPU.Build.0 = Debug|Any CPU
		{8CA00D78-277C-4898-B2CA-FB16979E65A8}.Release|Any CPU.ActiveCfg = Release|Any CPU
		{8CA00D78-277C-4898-B2CA-FB16979E65A8}.Release|Any CPU.Build.0 = Release|Any CPU
		{4663DDAC-E967-4F06-B17D-07F29E72807F}.Debug|Any CPU.ActiveCfg = Debug|Any CPU
		{4663DDAC-E967-4F06-B17D-07F29E72807F}.Debug|Any CPU.Build.0 = Debug|Any CPU
		{4663DDAC-E967-4F06-B17D-07F29E72807F}.Release|Any CPU.ActiveCfg = Release|Any CPU
		{4663DDAC-E967-4F06-B17D-07F29E72807F}.Release|Any CPU.Build.0 = Release|Any CPU
		{C79AC159-318C-4C01-B1B7-BE534457D040}.Debug|Any CPU.ActiveCfg = Debug|Any CPU
		{C79AC159-318C-4C01-B1B7-BE534457D040}.Debug|Any CPU.Build.0 = Debug|Any CPU
		{C79AC159-318C-4C01-B1B7-BE534457D040}.Release|Any CPU.ActiveCfg = Release|Any CPU
		{C79AC159-318C-4C01-B1B7-BE534457D040}.Release|Any CPU.Build.0 = Release|Any CPU
	EndGlobalSection
	GlobalSection(SolutionProperties) = preSolution
		HideSolutionNode = FALSE
	EndGlobalSection
	GlobalSection(NestedProjects) = preSolution
		{30C637EF-11BB-4D24-AAC6-9E84DB0DDEED} = {C3018394-635D-423E-BA4C-A2290E13CB25}
		{0A2A8BAE-D1ED-4A14-939B-9A7EE8A0FB40} = {D0FA8294-BC89-4B7E-B759-536B17360E9B}
		{C0C1AF38-DBB7-4471-9E81-7585C7BAC1B0} = {88F5C280-1451-4F01-8AA0-DF3E60FE9409}
		{144D7753-7FB9-44B8-8649-2CA8F61608FF} = {74C962D2-3681-404A-8002-7A084D42EEFC}
		{8CA00D78-277C-4898-B2CA-FB16979E65A8} = {74C962D2-3681-404A-8002-7A084D42EEFC}
		{4663DDAC-E967-4F06-B17D-07F29E72807F} = {74C962D2-3681-404A-8002-7A084D42EEFC}
		{C79AC159-318C-4C01-B1B7-BE534457D040} = {74C962D2-3681-404A-8002-7A084D42EEFC}
	EndGlobalSection
	GlobalSection(ExtensibilityGlobals) = postSolution
		SolutionGuid = {89E9B9C3-B855-4664-B6EB-2C874E0B191F}
	EndGlobalSection
EndGlobal
